
Microsoft Visual Studio Solution File, Format Version 12.00
# Visual Studio Version 17
VisualStudioVersion = 17.10.35122.118
MinimumVisualStudioVersion = 10.0.40219.1
Project("{FAE04EC0-301F-11D3-BF4B-00C04F79EFBC}") = "WebApp1", "WebApp1\WebApp1.csproj", "{4D7A1C84-FD5A-4B94-8DF1-AC51508D98ED}"
EndProject
Global
	GlobalSection(SolutionConfigurationPlatforms) = preSolution
		Debug|Any CPU = Debug|Any CPU
		Release|Any CPU = Release|Any CPU
	EndGlobalSection
	GlobalSection(ProjectConfigurationPlatforms) = postSolution
		{4D7A1C84-FD5A-4B94-8DF1-AC51508D98ED}.Debug|Any CPU.ActiveCfg = Debug|Any CPU
		{4D7A1C84-FD5A-4B94-8DF1-AC51508D98ED}.Debug|Any CPU.Build.0 = Debug|Any CPU
		{4D7A1C84-FD5A-4B94-8DF1-AC51508D98ED}.Release|Any CPU.ActiveCfg = Release|Any CPU
		{4D7A1C84-FD5A-4B94-8DF1-AC51508D98ED}.Release|Any CPU.Build.0 = Release|Any CPU
	EndGlobalSection
	GlobalSection(SolutionProperties) = preSolution
		HideSolutionNode = FALSE
	EndGlobalSection
	GlobalSection(ExtensibilityGlobals) = postSolution
		SolutionGuid = {027D234E-D87A-41DA-9AE1-92FE1F448C76}
	EndGlobalSection
EndGlobal
